// !$*UTF8*$!
{
	archiveVersion = 1;
	classes = {
	};
	objectVersion = 50;
	objects = {

/* Begin PBXBuildFile section */
		D00772D42180131E0066ED9D /* Licenses.plist in Resources */ = {isa = PBXBuildFile; fileRef = D00772D32180131E0066ED9D /* Licenses.plist */; };
		D008D86E2176C63E00E5C0DA /* SortSettingTableViewCell.swift in Sources */ = {isa = PBXBuildFile; fileRef = D008D86D2176C63E00E5C0DA /* SortSettingTableViewCell.swift */; };
		D0195B7E2172E758006EA713 /* TableViewSectionIndexTitleGenerator.swift in Sources */ = {isa = PBXBuildFile; fileRef = D0195B7D2172E758006EA713 /* TableViewSectionIndexTitleGenerator.swift */; };
		D0195B812172EEA8006EA713 /* Settings.swift in Sources */ = {isa = PBXBuildFile; fileRef = D0195B802172EEA8006EA713 /* Settings.swift */; };
		D0195B8521730794006EA713 /* SettingsTableViewController.swift in Sources */ = {isa = PBXBuildFile; fileRef = D0195B8421730794006EA713 /* SettingsTableViewController.swift */; };
		D0195B8721730953006EA713 /* Settings.storyboard in Resources */ = {isa = PBXBuildFile; fileRef = D0195B8621730953006EA713 /* Settings.storyboard */; };
		D0195B8921730D86006EA713 /* UIDevice+HardwareName.swift in Sources */ = {isa = PBXBuildFile; fileRef = D0195B8821730D86006EA713 /* UIDevice+HardwareName.swift */; };
		D0195B8B21730DA2006EA713 /* Framework.swift in Sources */ = {isa = PBXBuildFile; fileRef = D0195B8A21730DA2006EA713 /* Framework.swift */; };
		D027F5BC21C6DB1B00634587 /* ThemeSettingTableViewCell.swift in Sources */ = {isa = PBXBuildFile; fileRef = D027F5BB21C6DB1B00634587 /* ThemeSettingTableViewCell.swift */; };
		D02F75E221703B480040EDE5 /* BooksListViewModel.swift in Sources */ = {isa = PBXBuildFile; fileRef = D02F75E121703B480040EDE5 /* BooksListViewModel.swift */; };
		D02F75E421703D2A0040EDE5 /* BookTableViewCell.swift in Sources */ = {isa = PBXBuildFile; fileRef = D02F75E321703D2A0040EDE5 /* BookTableViewCell.swift */; };
		D044A33621D525D400FBC7C8 /* dark_mode_icon@2x.png in Resources */ = {isa = PBXBuildFile; fileRef = D044A32A21D525D400FBC7C8 /* dark_mode_icon@2x.png */; };
		D044A33721D525D400FBC7C8 /* dark_mode_icon@2x~ipad.png in Resources */ = {isa = PBXBuildFile; fileRef = D044A32B21D525D400FBC7C8 /* dark_mode_icon@2x~ipad.png */; };
		D044A33A21D525D400FBC7C8 /* dark_mode_icon@3x~ipad.png in Resources */ = {isa = PBXBuildFile; fileRef = D044A32E21D525D400FBC7C8 /* dark_mode_icon@3x~ipad.png */; };
		D044A33E21D525D400FBC7C8 /* dark_mode_icon@3x.png in Resources */ = {isa = PBXBuildFile; fileRef = D044A33221D525D400FBC7C8 /* dark_mode_icon@3x.png */; };
		D04871A1216AF31D0085D22C /* AppDelegate.swift in Sources */ = {isa = PBXBuildFile; fileRef = D04871A0216AF31D0085D22C /* AppDelegate.swift */; };
		D04871A3216AF31D0085D22C /* BooksListViewController.swift in Sources */ = {isa = PBXBuildFile; fileRef = D04871A2216AF31D0085D22C /* BooksListViewController.swift */; };
		D04871A5216AF31D0085D22C /* BookDetailsViewController.swift in Sources */ = {isa = PBXBuildFile; fileRef = D04871A4216AF31D0085D22C /* BookDetailsViewController.swift */; };
		D04871A8216AF31D0085D22C /* Books.storyboard in Resources */ = {isa = PBXBuildFile; fileRef = D04871A6216AF31D0085D22C /* Books.storyboard */; };
		D04871AA216AF31E0085D22C /* Assets.xcassets in Resources */ = {isa = PBXBuildFile; fileRef = D04871A9216AF31E0085D22C /* Assets.xcassets */; };
		D04871AD216AF31E0085D22C /* LaunchScreen.storyboard in Resources */ = {isa = PBXBuildFile; fileRef = D04871AB216AF31E0085D22C /* LaunchScreen.storyboard */; };
		D04871B8216AF31E0085D22C /* LibrecaTests.swift in Sources */ = {isa = PBXBuildFile; fileRef = D04871B7216AF31E0085D22C /* LibrecaTests.swift */; };
		D049687C21D01D9400BD24C4 /* Alamofire.framework in Frameworks */ = {isa = PBXBuildFile; fileRef = D049687A21D01D9300BD24C4 /* Alamofire.framework */; };
		D049687D21D01D9400BD24C4 /* AlamofireNetworkActivityIndicator.framework in Frameworks */ = {isa = PBXBuildFile; fileRef = D049687B21D01D9300BD24C4 /* AlamofireNetworkActivityIndicator.framework */; };
		D049687F21D01DE800BD24C4 /* Alamofire.framework in Embed Frameworks */ = {isa = PBXBuildFile; fileRef = D049687A21D01D9300BD24C4 /* Alamofire.framework */; settings = {ATTRIBUTES = (CodeSignOnCopy, RemoveHeadersOnCopy, ); }; };
		D049688121D01DE800BD24C4 /* AlamofireNetworkActivityIndicator.framework in Embed Frameworks */ = {isa = PBXBuildFile; fileRef = D049687B21D01D9300BD24C4 /* AlamofireNetworkActivityIndicator.framework */; settings = {ATTRIBUTES = (CodeSignOnCopy, RemoveHeadersOnCopy, ); }; };
		D0518E86217982C80087A000 /* GoogleService-Info.plist in Resources */ = {isa = PBXBuildFile; fileRef = D0518E85217982C80087A000 /* GoogleService-Info.plist */; };
		D0518E88217AAE840087A000 /* BookDetailsViewModel.swift in Sources */ = {isa = PBXBuildFile; fileRef = D0518E87217AAE840087A000 /* BookDetailsViewModel.swift */; };
		D07C4DF621DECF6500E1B470 /* ServerSetupViewModel.swift in Sources */ = {isa = PBXBuildFile; fileRef = D07C4DF521DECF6500E1B470 /* ServerSetupViewModel.swift */; };
		D07C4DF821DECFD200E1B470 /* ServerConfiguration.swift in Sources */ = {isa = PBXBuildFile; fileRef = D07C4DF721DECFD200E1B470 /* ServerConfiguration.swift */; };
		D082F8B021CDDCD4003AED25 /* BookErrorTableViewCell.swift in Sources */ = {isa = PBXBuildFile; fileRef = D082F8AF21CDDCD4003AED25 /* BookErrorTableViewCell.swift */; };
		D09D7C0521742A5500E8232E /* ServerSetupViewController.swift in Sources */ = {isa = PBXBuildFile; fileRef = D09D7C0421742A5500E8232E /* ServerSetupViewController.swift */; };
		D0AAA62821D01ECC00623608 /* LicensesViewController.framework in Frameworks */ = {isa = PBXBuildFile; fileRef = D0AAA62621D01EC300623608 /* LicensesViewController.framework */; };
		D0AAA62921D01ECC00623608 /* LicensesViewController.framework in Embed Frameworks */ = {isa = PBXBuildFile; fileRef = D0AAA62621D01EC300623608 /* LicensesViewController.framework */; settings = {ATTRIBUTES = (CodeSignOnCopy, RemoveHeadersOnCopy, ); }; };
		D0B3BEF22197D91E00DAB7BD /* ImageSettingTableViewCell.swift in Sources */ = {isa = PBXBuildFile; fileRef = D0B3BEF12197D91E00DAB7BD /* ImageSettingTableViewCell.swift */; };
		D0B475F3216AF613008FDA50 /* CalibreKit.framework in Frameworks */ = {isa = PBXBuildFile; fileRef = D0B475E9216AF5F3008FDA50 /* CalibreKit.framework */; };
		D0B475F4216AF613008FDA50 /* CalibreKit.framework in Embed Frameworks */ = {isa = PBXBuildFile; fileRef = D0B475E9216AF5F3008FDA50 /* CalibreKit.framework */; settings = {ATTRIBUTES = (CodeSignOnCopy, RemoveHeadersOnCopy, ); }; };
		D0D6F29C21782131006F21A4 /* FIRAnalyticsConnector.framework in Frameworks */ = {isa = PBXBuildFile; fileRef = D0D6F29221782130006F21A4 /* FIRAnalyticsConnector.framework */; };
		D0D6F29D21782131006F21A4 /* Fabric.framework in Frameworks */ = {isa = PBXBuildFile; fileRef = D0D6F29321782130006F21A4 /* Fabric.framework */; };
		D0D6F29F21782131006F21A4 /* FirebaseCore.framework in Frameworks */ = {isa = PBXBuildFile; fileRef = D0D6F29521782130006F21A4 /* FirebaseCore.framework */; };
		D0D6F2A021782131006F21A4 /* FirebaseInstanceID.framework in Frameworks */ = {isa = PBXBuildFile; fileRef = D0D6F29621782130006F21A4 /* FirebaseInstanceID.framework */; };
		D0D6F2A121782131006F21A4 /* GoogleUtilities.framework in Frameworks */ = {isa = PBXBuildFile; fileRef = D0D6F29721782130006F21A4 /* GoogleUtilities.framework */; };
		D0D6F2A221782131006F21A4 /* nanopb.framework in Frameworks */ = {isa = PBXBuildFile; fileRef = D0D6F29821782130006F21A4 /* nanopb.framework */; };
		D0D6F2A321782131006F21A4 /* GoogleAppMeasurement.framework in Frameworks */ = {isa = PBXBuildFile; fileRef = D0D6F29921782131006F21A4 /* GoogleAppMeasurement.framework */; };
		D0D6F2A521782131006F21A4 /* FirebaseAnalytics.framework in Frameworks */ = {isa = PBXBuildFile; fileRef = D0D6F29B21782131006F21A4 /* FirebaseAnalytics.framework */; };
		D0D6F2A9217823FD006F21A4 /* Crashlytics.framework in Frameworks */ = {isa = PBXBuildFile; fileRef = D0D6F2A8217823FD006F21A4 /* Crashlytics.framework */; };
		D0D6F2AB21782468006F21A4 /* libsqlite3.tbd in Frameworks */ = {isa = PBXBuildFile; fileRef = D0D6F2AA21782467006F21A4 /* libsqlite3.tbd */; };
		D0D6F2AD2178246D006F21A4 /* libc++.tbd in Frameworks */ = {isa = PBXBuildFile; fileRef = D0D6F2AC2178246D006F21A4 /* libc++.tbd */; };
		D0D6F2B121795769006F21A4 /* CreditsViewController.swift in Sources */ = {isa = PBXBuildFile; fileRef = D0D6F2B021795769006F21A4 /* CreditsViewController.swift */; };
		D0D6F2B321795777006F21A4 /* AppLicensesViewController.swift in Sources */ = {isa = PBXBuildFile; fileRef = D0D6F2B221795777006F21A4 /* AppLicensesViewController.swift */; };
		D0D6F2B521795EE7006F21A4 /* AppAnalytics.swift in Sources */ = {isa = PBXBuildFile; fileRef = D0D6F2B421795EE7006F21A4 /* AppAnalytics.swift */; };
		D0EFA8E5217AE5CC00622080 /* LICENSE in Resources */ = {isa = PBXBuildFile; fileRef = D0518E7F21797CE40087A000 /* LICENSE */; };
		D0EFA8ED217C0C8300622080 /* GDPR.swift in Sources */ = {isa = PBXBuildFile; fileRef = D0EFA8EC217C0C8300622080 /* GDPR.swift */; };
/* End PBXBuildFile section */

/* Begin PBXContainerItemProxy section */
		D04871B4216AF31E0085D22C /* PBXContainerItemProxy */ = {
			isa = PBXContainerItemProxy;
			containerPortal = D0487195216AF31D0085D22C /* Project object */;
			proxyType = 1;
			remoteGlobalIDString = D048719C216AF31D0085D22C;
			remoteInfo = Librecaios;
		};
/* End PBXContainerItemProxy section */

/* Begin PBXCopyFilesBuildPhase section */
		D0B475F5216AF613008FDA50 /* Embed Frameworks */ = {
			isa = PBXCopyFilesBuildPhase;
			buildActionMask = 2147483647;
			dstPath = "";
			dstSubfolderSpec = 10;
			files = (
				D0B475F4216AF613008FDA50 /* CalibreKit.framework in Embed Frameworks */,
				D049687F21D01DE800BD24C4 /* Alamofire.framework in Embed Frameworks */,
				D0AAA62921D01ECC00623608 /* LicensesViewController.framework in Embed Frameworks */,
				D049688121D01DE800BD24C4 /* AlamofireNetworkActivityIndicator.framework in Embed Frameworks */,
			);
			name = "Embed Frameworks";
			runOnlyForDeploymentPostprocessing = 0;
		};
/* End PBXCopyFilesBuildPhase section */

/* Begin PBXFileReference section */
		D00772D32180131E0066ED9D /* Licenses.plist */ = {isa = PBXFileReference; fileEncoding = 4; lastKnownFileType = text.plist.xml; path = Licenses.plist; sourceTree = "<group>"; };
		D008D86D2176C63E00E5C0DA /* SortSettingTableViewCell.swift */ = {isa = PBXFileReference; lastKnownFileType = sourcecode.swift; path = SortSettingTableViewCell.swift; sourceTree = "<group>"; };
		D0195B7D2172E758006EA713 /* TableViewSectionIndexTitleGenerator.swift */ = {isa = PBXFileReference; fileEncoding = 4; lastKnownFileType = sourcecode.swift; path = TableViewSectionIndexTitleGenerator.swift; sourceTree = "<group>"; };
		D0195B802172EEA8006EA713 /* Settings.swift */ = {isa = PBXFileReference; lastKnownFileType = sourcecode.swift; path = Settings.swift; sourceTree = "<group>"; };
		D0195B8421730794006EA713 /* SettingsTableViewController.swift */ = {isa = PBXFileReference; lastKnownFileType = sourcecode.swift; path = SettingsTableViewController.swift; sourceTree = "<group>"; };
		D0195B8621730953006EA713 /* Settings.storyboard */ = {isa = PBXFileReference; lastKnownFileType = file.storyboard; path = Settings.storyboard; sourceTree = "<group>"; };
		D0195B8821730D86006EA713 /* UIDevice+HardwareName.swift */ = {isa = PBXFileReference; lastKnownFileType = sourcecode.swift; path = "UIDevice+HardwareName.swift"; sourceTree = "<group>"; };
		D0195B8A21730DA2006EA713 /* Framework.swift */ = {isa = PBXFileReference; lastKnownFileType = sourcecode.swift; path = Framework.swift; sourceTree = "<group>"; };
		D027F5BB21C6DB1B00634587 /* ThemeSettingTableViewCell.swift */ = {isa = PBXFileReference; lastKnownFileType = sourcecode.swift; path = ThemeSettingTableViewCell.swift; sourceTree = "<group>"; };
		D02F75E121703B480040EDE5 /* BooksListViewModel.swift */ = {isa = PBXFileReference; lastKnownFileType = sourcecode.swift; path = BooksListViewModel.swift; sourceTree = "<group>"; };
		D02F75E321703D2A0040EDE5 /* BookTableViewCell.swift */ = {isa = PBXFileReference; lastKnownFileType = sourcecode.swift; path = BookTableViewCell.swift; sourceTree = "<group>"; };
		D044A32A21D525D400FBC7C8 /* dark_mode_icon@2x.png */ = {isa = PBXFileReference; lastKnownFileType = image.png; path = "dark_mode_icon@2x.png"; sourceTree = "<group>"; };
		D044A32B21D525D400FBC7C8 /* dark_mode_icon@2x~ipad.png */ = {isa = PBXFileReference; lastKnownFileType = image.png; path = "dark_mode_icon@2x~ipad.png"; sourceTree = "<group>"; };
		D044A32E21D525D400FBC7C8 /* dark_mode_icon@3x~ipad.png */ = {isa = PBXFileReference; lastKnownFileType = image.png; path = "dark_mode_icon@3x~ipad.png"; sourceTree = "<group>"; };
		D044A33221D525D400FBC7C8 /* dark_mode_icon@3x.png */ = {isa = PBXFileReference; lastKnownFileType = image.png; path = "dark_mode_icon@3x.png"; sourceTree = "<group>"; };
		D048719D216AF31D0085D22C /* Libreca.app */ = {isa = PBXFileReference; explicitFileType = wrapper.application; includeInIndex = 0; path = Libreca.app; sourceTree = BUILT_PRODUCTS_DIR; };
		D04871A0216AF31D0085D22C /* AppDelegate.swift */ = {isa = PBXFileReference; lastKnownFileType = sourcecode.swift; path = AppDelegate.swift; sourceTree = "<group>"; };
		D04871A2216AF31D0085D22C /* BooksListViewController.swift */ = {isa = PBXFileReference; lastKnownFileType = sourcecode.swift; path = BooksListViewController.swift; sourceTree = "<group>"; };
		D04871A4216AF31D0085D22C /* BookDetailsViewController.swift */ = {isa = PBXFileReference; lastKnownFileType = sourcecode.swift; path = BookDetailsViewController.swift; sourceTree = "<group>"; };
		D04871A7216AF31D0085D22C /* Base */ = {isa = PBXFileReference; lastKnownFileType = file.storyboard; name = Base; path = Base.lproj/Books.storyboard; sourceTree = "<group>"; };
		D04871A9216AF31E0085D22C /* Assets.xcassets */ = {isa = PBXFileReference; lastKnownFileType = folder.assetcatalog; path = Assets.xcassets; sourceTree = "<group>"; };
		D04871AC216AF31E0085D22C /* Base */ = {isa = PBXFileReference; lastKnownFileType = file.storyboard; name = Base; path = Base.lproj/LaunchScreen.storyboard; sourceTree = "<group>"; };
		D04871AE216AF31E0085D22C /* Info.plist */ = {isa = PBXFileReference; lastKnownFileType = text.plist.xml; path = Info.plist; sourceTree = "<group>"; };
		D04871B3216AF31E0085D22C /* LibrecaTests.xctest */ = {isa = PBXFileReference; explicitFileType = wrapper.cfbundle; includeInIndex = 0; path = LibrecaTests.xctest; sourceTree = BUILT_PRODUCTS_DIR; };
		D04871B7216AF31E0085D22C /* LibrecaTests.swift */ = {isa = PBXFileReference; lastKnownFileType = sourcecode.swift; path = LibrecaTests.swift; sourceTree = "<group>"; };
		D04871B9216AF31E0085D22C /* Info.plist */ = {isa = PBXFileReference; lastKnownFileType = text.plist.xml; path = Info.plist; sourceTree = "<group>"; };
		D049687A21D01D9300BD24C4 /* Alamofire.framework */ = {isa = PBXFileReference; lastKnownFileType = wrapper.framework; name = Alamofire.framework; path = Carthage/Build/iOS/Alamofire.framework; sourceTree = "<group>"; };
		D049687B21D01D9300BD24C4 /* AlamofireNetworkActivityIndicator.framework */ = {isa = PBXFileReference; lastKnownFileType = wrapper.framework; name = AlamofireNetworkActivityIndicator.framework; path = Carthage/Build/iOS/AlamofireNetworkActivityIndicator.framework; sourceTree = "<group>"; };
		D0518E7F21797CE40087A000 /* LICENSE */ = {isa = PBXFileReference; fileEncoding = 4; lastKnownFileType = text; path = LICENSE; sourceTree = SOURCE_ROOT; };
		D0518E85217982C80087A000 /* GoogleService-Info.plist */ = {isa = PBXFileReference; fileEncoding = 4; lastKnownFileType = text.plist.xml; path = "GoogleService-Info.plist"; sourceTree = "<group>"; };
		D0518E87217AAE840087A000 /* BookDetailsViewModel.swift */ = {isa = PBXFileReference; lastKnownFileType = sourcecode.swift; path = BookDetailsViewModel.swift; sourceTree = "<group>"; };
		D07C4DF521DECF6500E1B470 /* ServerSetupViewModel.swift */ = {isa = PBXFileReference; lastKnownFileType = sourcecode.swift; path = ServerSetupViewModel.swift; sourceTree = "<group>"; };
		D07C4DF721DECFD200E1B470 /* ServerConfiguration.swift */ = {isa = PBXFileReference; lastKnownFileType = sourcecode.swift; path = ServerConfiguration.swift; sourceTree = "<group>"; };
		D082F8AF21CDDCD4003AED25 /* BookErrorTableViewCell.swift */ = {isa = PBXFileReference; lastKnownFileType = sourcecode.swift; path = BookErrorTableViewCell.swift; sourceTree = "<group>"; };
		D09D7C0421742A5500E8232E /* ServerSetupViewController.swift */ = {isa = PBXFileReference; lastKnownFileType = sourcecode.swift; path = ServerSetupViewController.swift; sourceTree = "<group>"; };
		D0AAA62621D01EC300623608 /* LicensesViewController.framework */ = {isa = PBXFileReference; lastKnownFileType = wrapper.framework; name = LicensesViewController.framework; path = Carthage/Build/iOS/LicensesViewController.framework; sourceTree = "<group>"; };
		D0B3BEF12197D91E00DAB7BD /* ImageSettingTableViewCell.swift */ = {isa = PBXFileReference; lastKnownFileType = sourcecode.swift; path = ImageSettingTableViewCell.swift; sourceTree = "<group>"; };
		D0B475E9216AF5F3008FDA50 /* CalibreKit.framework */ = {isa = PBXFileReference; lastKnownFileType = wrapper.framework; path = CalibreKit.framework; sourceTree = BUILT_PRODUCTS_DIR; };
		D0D6F26C21781B02006F21A4 /* LICENSE */ = {isa = PBXFileReference; fileEncoding = 4; lastKnownFileType = text; path = LICENSE; sourceTree = "<group>"; };
		D0D6F29221782130006F21A4 /* FIRAnalyticsConnector.framework */ = {isa = PBXFileReference; lastKnownFileType = wrapper.framework; name = FIRAnalyticsConnector.framework; path = Carthage/Build/iOS/FIRAnalyticsConnector.framework; sourceTree = "<group>"; };
		D0D6F29321782130006F21A4 /* Fabric.framework */ = {isa = PBXFileReference; lastKnownFileType = wrapper.framework; name = Fabric.framework; path = Carthage/Build/iOS/Fabric.framework; sourceTree = "<group>"; };
		D0D6F29521782130006F21A4 /* FirebaseCore.framework */ = {isa = PBXFileReference; lastKnownFileType = wrapper.framework; name = FirebaseCore.framework; path = Carthage/Build/iOS/FirebaseCore.framework; sourceTree = "<group>"; };
		D0D6F29621782130006F21A4 /* FirebaseInstanceID.framework */ = {isa = PBXFileReference; lastKnownFileType = wrapper.framework; name = FirebaseInstanceID.framework; path = Carthage/Build/iOS/FirebaseInstanceID.framework; sourceTree = "<group>"; };
		D0D6F29721782130006F21A4 /* GoogleUtilities.framework */ = {isa = PBXFileReference; lastKnownFileType = wrapper.framework; name = GoogleUtilities.framework; path = Carthage/Build/iOS/GoogleUtilities.framework; sourceTree = "<group>"; };
		D0D6F29821782130006F21A4 /* nanopb.framework */ = {isa = PBXFileReference; lastKnownFileType = wrapper.framework; name = nanopb.framework; path = Carthage/Build/iOS/nanopb.framework; sourceTree = "<group>"; };
		D0D6F29921782131006F21A4 /* GoogleAppMeasurement.framework */ = {isa = PBXFileReference; lastKnownFileType = wrapper.framework; name = GoogleAppMeasurement.framework; path = Carthage/Build/iOS/GoogleAppMeasurement.framework; sourceTree = "<group>"; };
		D0D6F29B21782131006F21A4 /* FirebaseAnalytics.framework */ = {isa = PBXFileReference; lastKnownFileType = wrapper.framework; name = FirebaseAnalytics.framework; path = Carthage/Build/iOS/FirebaseAnalytics.framework; sourceTree = "<group>"; };
		D0D6F2A8217823FD006F21A4 /* Crashlytics.framework */ = {isa = PBXFileReference; lastKnownFileType = wrapper.framework; name = Crashlytics.framework; path = Carthage/Build/iOS/Crashlytics.framework; sourceTree = "<group>"; };
		D0D6F2AA21782467006F21A4 /* libsqlite3.tbd */ = {isa = PBXFileReference; lastKnownFileType = "sourcecode.text-based-dylib-definition"; name = libsqlite3.tbd; path = usr/lib/libsqlite3.tbd; sourceTree = SDKROOT; };
		D0D6F2AC2178246D006F21A4 /* libc++.tbd */ = {isa = PBXFileReference; lastKnownFileType = "sourcecode.text-based-dylib-definition"; name = "libc++.tbd"; path = "usr/lib/libc++.tbd"; sourceTree = SDKROOT; };
		D0D6F2B021795769006F21A4 /* CreditsViewController.swift */ = {isa = PBXFileReference; lastKnownFileType = sourcecode.swift; path = CreditsViewController.swift; sourceTree = "<group>"; };
		D0D6F2B221795777006F21A4 /* AppLicensesViewController.swift */ = {isa = PBXFileReference; lastKnownFileType = sourcecode.swift; path = AppLicensesViewController.swift; sourceTree = "<group>"; };
		D0D6F2B421795EE7006F21A4 /* AppAnalytics.swift */ = {isa = PBXFileReference; lastKnownFileType = sourcecode.swift; path = AppAnalytics.swift; sourceTree = "<group>"; };
		D0EFA8EC217C0C8300622080 /* GDPR.swift */ = {isa = PBXFileReference; lastKnownFileType = sourcecode.swift; path = GDPR.swift; sourceTree = "<group>"; };
/* End PBXFileReference section */

/* Begin PBXFrameworksBuildPhase section */
		D048719A216AF31D0085D22C /* Frameworks */ = {
			isa = PBXFrameworksBuildPhase;
			buildActionMask = 2147483647;
			files = (
				D0D6F2AD2178246D006F21A4 /* libc++.tbd in Frameworks */,
				D0D6F2AB21782468006F21A4 /* libsqlite3.tbd in Frameworks */,
				D0AAA62821D01ECC00623608 /* LicensesViewController.framework in Frameworks */,
				D049687C21D01D9400BD24C4 /* Alamofire.framework in Frameworks */,
				D0B475F3216AF613008FDA50 /* CalibreKit.framework in Frameworks */,
				D0D6F2A321782131006F21A4 /* GoogleAppMeasurement.framework in Frameworks */,
				D0D6F29F21782131006F21A4 /* FirebaseCore.framework in Frameworks */,
				D0D6F29C21782131006F21A4 /* FIRAnalyticsConnector.framework in Frameworks */,
				D0D6F2A221782131006F21A4 /* nanopb.framework in Frameworks */,
				D0D6F2A021782131006F21A4 /* FirebaseInstanceID.framework in Frameworks */,
				D049687D21D01D9400BD24C4 /* AlamofireNetworkActivityIndicator.framework in Frameworks */,
				D0D6F2A521782131006F21A4 /* FirebaseAnalytics.framework in Frameworks */,
				D0D6F2A121782131006F21A4 /* GoogleUtilities.framework in Frameworks */,
				D0D6F29D21782131006F21A4 /* Fabric.framework in Frameworks */,
				D0D6F2A9217823FD006F21A4 /* Crashlytics.framework in Frameworks */,
			);
			runOnlyForDeploymentPostprocessing = 0;
		};
		D04871B0216AF31E0085D22C /* Frameworks */ = {
			isa = PBXFrameworksBuildPhase;
			buildActionMask = 2147483647;
			files = (
			);
			runOnlyForDeploymentPostprocessing = 0;
		};
/* End PBXFrameworksBuildPhase section */

/* Begin PBXGroup section */
		D0195B7F2172EE94006EA713 /* Settings */ = {
			isa = PBXGroup;
			children = (
				D0EFA8EF217C2A3900622080 /* About */,
				D0EFA8F1217C2A5D00622080 /* Contact */,
				D0EFA8EE217C29A500622080 /* Privacy */,
				D0EFA8F0217C2A5400622080 /* Settings */,
			);
			path = Settings;
			sourceTree = "<group>";
		};
		D02F75DC217036D90040EDE5 /* Books */ = {
			isa = PBXGroup;
			children = (
				D04871A2216AF31D0085D22C /* BooksListViewController.swift */,
				D02F75E121703B480040EDE5 /* BooksListViewModel.swift */,
				D04871A4216AF31D0085D22C /* BookDetailsViewController.swift */,
				D0518E87217AAE840087A000 /* BookDetailsViewModel.swift */,
				D0195B7D2172E758006EA713 /* TableViewSectionIndexTitleGenerator.swift */,
				D082F8AF21CDDCD4003AED25 /* BookErrorTableViewCell.swift */,
				D02F75E321703D2A0040EDE5 /* BookTableViewCell.swift */,
				D04871A6216AF31D0085D22C /* Books.storyboard */,
			);
			path = Books;
			sourceTree = "<group>";
		};
		D02F75DD217036E10040EDE5 /* Startup */ = {
			isa = PBXGroup;
			children = (
				D0D6F2B421795EE7006F21A4 /* AppAnalytics.swift */,
				D04871A0216AF31D0085D22C /* AppDelegate.swift */,
			);
			path = Startup;
			sourceTree = "<group>";
		};
		D02F75DE217036F20040EDE5 /* Supporting Files */ = {
			isa = PBXGroup;
			children = (
				D044A30421D51C2000FBC7C8 /* DarkModeIcons */,
				D04871A9216AF31E0085D22C /* Assets.xcassets */,
				D04871AB216AF31E0085D22C /* LaunchScreen.storyboard */,
				D04871AE216AF31E0085D22C /* Info.plist */,
				D0518E7F21797CE40087A000 /* LICENSE */,
				D00772D32180131E0066ED9D /* Licenses.plist */,
			);
			name = "Supporting Files";
			sourceTree = "<group>";
		};
		D044A30421D51C2000FBC7C8 /* DarkModeIcons */ = {
			isa = PBXGroup;
			children = (
				D044A32A21D525D400FBC7C8 /* dark_mode_icon@2x.png */,
				D044A32B21D525D400FBC7C8 /* dark_mode_icon@2x~ipad.png */,
				D044A33221D525D400FBC7C8 /* dark_mode_icon@3x.png */,
				D044A32E21D525D400FBC7C8 /* dark_mode_icon@3x~ipad.png */,
			);
			path = DarkModeIcons;
			sourceTree = "<group>";
		};
		D0487194216AF31D0085D22C = {
			isa = PBXGroup;
			children = (
				D048719F216AF31D0085D22C /* Libreca */,
				D04871B6216AF31E0085D22C /* LibrecaTests */,
				D0B475E7216AF5E6008FDA50 /* Frameworks */,
				D048719E216AF31D0085D22C /* Products */,
			);
			sourceTree = "<group>";
		};
		D048719E216AF31D0085D22C /* Products */ = {
			isa = PBXGroup;
			children = (
				D048719D216AF31D0085D22C /* Libreca.app */,
				D04871B3216AF31E0085D22C /* LibrecaTests.xctest */,
			);
			name = Products;
			sourceTree = "<group>";
		};
		D048719F216AF31D0085D22C /* Libreca */ = {
			isa = PBXGroup;
			children = (
				D02F75DD217036E10040EDE5 /* Startup */,
				D02F75DC217036D90040EDE5 /* Books */,
				D0195B7F2172EE94006EA713 /* Settings */,
				D02F75DE217036F20040EDE5 /* Supporting Files */,
				D0D6F26B21781A8C006F21A4 /* Firebase */,
			);
			path = Libreca;
			sourceTree = "<group>";
		};
		D04871B6216AF31E0085D22C /* LibrecaTests */ = {
			isa = PBXGroup;
			children = (
				D04871B7216AF31E0085D22C /* LibrecaTests.swift */,
				D04871B9216AF31E0085D22C /* Info.plist */,
			);
			path = LibrecaTests;
			sourceTree = "<group>";
		};
		D0B475E7216AF5E6008FDA50 /* Frameworks */ = {
			isa = PBXGroup;
			children = (
				D0AAA62621D01EC300623608 /* LicensesViewController.framework */,
				D049687A21D01D9300BD24C4 /* Alamofire.framework */,
				D049687B21D01D9300BD24C4 /* AlamofireNetworkActivityIndicator.framework */,
				D0D6F2AC2178246D006F21A4 /* libc++.tbd */,
				D0D6F2AA21782467006F21A4 /* libsqlite3.tbd */,
				D0D6F2A8217823FD006F21A4 /* Crashlytics.framework */,
				D0D6F29321782130006F21A4 /* Fabric.framework */,
				D0D6F29221782130006F21A4 /* FIRAnalyticsConnector.framework */,
				D0D6F29B21782131006F21A4 /* FirebaseAnalytics.framework */,
				D0D6F29521782130006F21A4 /* FirebaseCore.framework */,
				D0D6F29621782130006F21A4 /* FirebaseInstanceID.framework */,
				D0D6F29921782131006F21A4 /* GoogleAppMeasurement.framework */,
				D0D6F29721782130006F21A4 /* GoogleUtilities.framework */,
				D0D6F29821782130006F21A4 /* nanopb.framework */,
				D0B475E9216AF5F3008FDA50 /* CalibreKit.framework */,
			);
			name = Frameworks;
			sourceTree = "<group>";
		};
		D0D6F26B21781A8C006F21A4 /* Firebase */ = {
			isa = PBXGroup;
			children = (
				D0D6F26C21781B02006F21A4 /* LICENSE */,
				D0518E85217982C80087A000 /* GoogleService-Info.plist */,
			);
			path = Firebase;
			sourceTree = "<group>";
		};
		D0EFA8EE217C29A500622080 /* Privacy */ = {
			isa = PBXGroup;
			children = (
				D0EFA8EC217C0C8300622080 /* GDPR.swift */,
			);
			path = Privacy;
			sourceTree = "<group>";
		};
		D0EFA8EF217C2A3900622080 /* About */ = {
			isa = PBXGroup;
			children = (
				D0D6F2B221795777006F21A4 /* AppLicensesViewController.swift */,
				D0D6F2B021795769006F21A4 /* CreditsViewController.swift */,
			);
			path = About;
			sourceTree = "<group>";
		};
		D0EFA8F0217C2A5400622080 /* Settings */ = {
			isa = PBXGroup;
			children = (
				D0B3BEF12197D91E00DAB7BD /* ImageSettingTableViewCell.swift */,
				D07C4DF721DECFD200E1B470 /* ServerConfiguration.swift */,
				D09D7C0421742A5500E8232E /* ServerSetupViewController.swift */,
				D07C4DF521DECF6500E1B470 /* ServerSetupViewModel.swift */,
				D0195B802172EEA8006EA713 /* Settings.swift */,
				D0195B8421730794006EA713 /* SettingsTableViewController.swift */,
				D008D86D2176C63E00E5C0DA /* SortSettingTableViewCell.swift */,
				D027F5BB21C6DB1B00634587 /* ThemeSettingTableViewCell.swift */,
				D0195B8621730953006EA713 /* Settings.storyboard */,
			);
			path = Settings;
			sourceTree = "<group>";
		};
		D0EFA8F1217C2A5D00622080 /* Contact */ = {
			isa = PBXGroup;
			children = (
				D0195B8A21730DA2006EA713 /* Framework.swift */,
				D0195B8821730D86006EA713 /* UIDevice+HardwareName.swift */,
			);
			path = Contact;
			sourceTree = "<group>";
		};
/* End PBXGroup section */

/* Begin PBXNativeTarget section */
		D048719C216AF31D0085D22C /* Libreca */ = {
			isa = PBXNativeTarget;
			buildConfigurationList = D04871BC216AF31E0085D22C /* Build configuration list for PBXNativeTarget "Libreca" */;
			buildPhases = (
				D0487199216AF31D0085D22C /* Sources */,
				D048719A216AF31D0085D22C /* Frameworks */,
				D048719B216AF31D0085D22C /* Resources */,
				D0B475F5216AF613008FDA50 /* Embed Frameworks */,
				D0B475F6216AF62D008FDA50 /* SwiftLint */,
				D0518E782179797E0087A000 /* Generate License plist */,
				D0D6F29121781F43006F21A4 /* Crashlytics */,
				D0ACBF972185841F00CF9468 /* Copy frameworks */,
			);
			buildRules = (
			);
			dependencies = (
			);
			name = Libreca;
			productName = Librecaios;
			productReference = D048719D216AF31D0085D22C /* Libreca.app */;
			productType = "com.apple.product-type.application";
		};
		D04871B2216AF31E0085D22C /* LibrecaTests */ = {
			isa = PBXNativeTarget;
			buildConfigurationList = D04871BF216AF31E0085D22C /* Build configuration list for PBXNativeTarget "LibrecaTests" */;
			buildPhases = (
				D04871AF216AF31E0085D22C /* Sources */,
				D04871B0216AF31E0085D22C /* Frameworks */,
				D04871B1216AF31E0085D22C /* Resources */,
			);
			buildRules = (
			);
			dependencies = (
				D04871B5216AF31E0085D22C /* PBXTargetDependency */,
			);
			name = LibrecaTests;
			productName = LibrecaiosTests;
			productReference = D04871B3216AF31E0085D22C /* LibrecaTests.xctest */;
			productType = "com.apple.product-type.bundle.unit-test";
		};
/* End PBXNativeTarget section */

/* Begin PBXProject section */
		D0487195216AF31D0085D22C /* Project object */ = {
			isa = PBXProject;
			attributes = {
				LastSwiftUpdateCheck = 1000;
				LastUpgradeCheck = 1000;
				ORGANIZATIONNAME = "Justin Marshall";
				TargetAttributes = {
					D048719C216AF31D0085D22C = {
						CreatedOnToolsVersion = 10.0;
					};
					D04871B2216AF31E0085D22C = {
						CreatedOnToolsVersion = 10.0;
						TestTargetID = D048719C216AF31D0085D22C;
					};
				};
			};
			buildConfigurationList = D0487198216AF31D0085D22C /* Build configuration list for PBXProject "Libreca" */;
			compatibilityVersion = "Xcode 9.3";
			developmentRegion = en;
			hasScannedForEncodings = 0;
			knownRegions = (
				en,
				Base,
			);
			mainGroup = D0487194216AF31D0085D22C;
			productRefGroup = D048719E216AF31D0085D22C /* Products */;
			projectDirPath = "";
			projectRoot = "";
			targets = (
				D048719C216AF31D0085D22C /* Libreca */,
				D04871B2216AF31E0085D22C /* LibrecaTests */,
			);
		};
/* End PBXProject section */

/* Begin PBXResourcesBuildPhase section */
		D048719B216AF31D0085D22C /* Resources */ = {
			isa = PBXResourcesBuildPhase;
			buildActionMask = 2147483647;
			files = (
				D04871AD216AF31E0085D22C /* LaunchScreen.storyboard in Resources */,
				D04871AA216AF31E0085D22C /* Assets.xcassets in Resources */,
				D044A33E21D525D400FBC7C8 /* dark_mode_icon@3x.png in Resources */,
				D044A33A21D525D400FBC7C8 /* dark_mode_icon@3x~ipad.png in Resources */,
				D0EFA8E5217AE5CC00622080 /* LICENSE in Resources */,
				D04871A8216AF31D0085D22C /* Books.storyboard in Resources */,
				D044A33621D525D400FBC7C8 /* dark_mode_icon@2x.png in Resources */,
				D0195B8721730953006EA713 /* Settings.storyboard in Resources */,
				D044A33721D525D400FBC7C8 /* dark_mode_icon@2x~ipad.png in Resources */,
				D00772D42180131E0066ED9D /* Licenses.plist in Resources */,
				D0518E86217982C80087A000 /* GoogleService-Info.plist in Resources */,
			);
			runOnlyForDeploymentPostprocessing = 0;
		};
		D04871B1216AF31E0085D22C /* Resources */ = {
			isa = PBXResourcesBuildPhase;
			buildActionMask = 2147483647;
			files = (
			);
			runOnlyForDeploymentPostprocessing = 0;
		};
/* End PBXResourcesBuildPhase section */

/* Begin PBXShellScriptBuildPhase section */
		D0518E782179797E0087A000 /* Generate License plist */ = {
			isa = PBXShellScriptBuildPhase;
			buildActionMask = 2147483647;
			files = (
			);
			inputFileListPaths = (
			);
			inputPaths = (
			);
			name = "Generate License plist";
			outputFileListPaths = (
			);
			outputPaths = (
			);
			runOnlyForDeploymentPostprocessing = 0;
			shellPath = /bin/sh;
			shellScript = "# This script is quirky and is finding duplicates.\n# So I ran it, then commented it out and manually removed the duplicates from the output plist.\n# This will be addressed as part of GitLab issue #151: https://gitlab.com/calibre-utils/Libreca/issues/151\n\n#./Carthage/Checkouts/LicenseGenerator-iOS/credits.py -s \"$SRCROOT\" -o \"$SRCROOT/Libreca/Licenses.plist\" -e \"./Carthage/Checkouts/LicenseGenerator-iOS/Example/,./Carthage/Checkouts/LicenseGenerator-iOS/Tests/\"\n";
		};
		D0ACBF972185841F00CF9468 /* Copy frameworks */ = {
			isa = PBXShellScriptBuildPhase;
			buildActionMask = 2147483647;
			files = (
			);
			inputFileListPaths = (
			);
			inputPaths = (
				"$(SRCROOT)/Carthage/Build/iOS/LicensesViewController.framework",
				"$(SRCROOT)/Carthage/Build/iOS/Alamofire.framework",
				"$(SRCROOT)/Carthage/Build/iOS/AlamofireNetworkActivityIndicator.framework",
			);
			name = "Copy frameworks";
			outputFileListPaths = (
			);
			outputPaths = (
			);
			runOnlyForDeploymentPostprocessing = 0;
			shellPath = /bin/sh;
			shellScript = "/usr/local/bin/carthage copy-frameworks\n";
		};
		D0B475F6216AF62D008FDA50 /* SwiftLint */ = {
			isa = PBXShellScriptBuildPhase;
			buildActionMask = 2147483647;
			files = (
			);
			inputFileListPaths = (
			);
			inputPaths = (
			);
			name = SwiftLint;
			outputFileListPaths = (
			);
			outputPaths = (
			);
			runOnlyForDeploymentPostprocessing = 0;
			shellPath = /bin/sh;
			shellScript = "if which /usr/local/bin/swiftlint >/dev/null; then\n    /usr/local/bin/swiftlint lint --config \"Carthage/Checkouts/SwiftLintConfig/.swiftlint.yml\" --no-cache\nelse\n    echo \"error: SwiftLint not installed, download from https://github.com/realm/SwiftLint\"\n    return 1\nfi\n";
		};
		D0D6F29121781F43006F21A4 /* Crashlytics */ = {
			isa = PBXShellScriptBuildPhase;
			buildActionMask = 2147483647;
			files = (
			);
			inputFileListPaths = (
			);
			inputPaths = (
			);
			name = Crashlytics;
			outputFileListPaths = (
			);
			outputPaths = (
			);
			runOnlyForDeploymentPostprocessing = 0;
			shellPath = /bin/sh;
			shellScript = "\"${PROJECT_DIR}/Carthage/Build/iOS/Fabric.framework/run\"\n";
		};
/* End PBXShellScriptBuildPhase section */

/* Begin PBXSourcesBuildPhase section */
		D0487199216AF31D0085D22C /* Sources */ = {
			isa = PBXSourcesBuildPhase;
			buildActionMask = 2147483647;
			files = (
				D0D6F2B121795769006F21A4 /* CreditsViewController.swift in Sources */,
				D04871A5216AF31D0085D22C /* BookDetailsViewController.swift in Sources */,
				D027F5BC21C6DB1B00634587 /* ThemeSettingTableViewCell.swift in Sources */,
				D0518E88217AAE840087A000 /* BookDetailsViewModel.swift in Sources */,
				D07C4DF621DECF6500E1B470 /* ServerSetupViewModel.swift in Sources */,
				D02F75E221703B480040EDE5 /* BooksListViewModel.swift in Sources */,
				D04871A3216AF31D0085D22C /* BooksListViewController.swift in Sources */,
				D02F75E421703D2A0040EDE5 /* BookTableViewCell.swift in Sources */,
				D0195B8521730794006EA713 /* SettingsTableViewController.swift in Sources */,
				D09D7C0521742A5500E8232E /* ServerSetupViewController.swift in Sources */,
				D0D6F2B321795777006F21A4 /* AppLicensesViewController.swift in Sources */,
				D082F8B021CDDCD4003AED25 /* BookErrorTableViewCell.swift in Sources */,
				D0195B812172EEA8006EA713 /* Settings.swift in Sources */,
				D04871A1216AF31D0085D22C /* AppDelegate.swift in Sources */,
				D07C4DF821DECFD200E1B470 /* ServerConfiguration.swift in Sources */,
				D0EFA8ED217C0C8300622080 /* GDPR.swift in Sources */,
				D0B3BEF22197D91E00DAB7BD /* ImageSettingTableViewCell.swift in Sources */,
				D0195B8921730D86006EA713 /* UIDevice+HardwareName.swift in Sources */,
				D0D6F2B521795EE7006F21A4 /* AppAnalytics.swift in Sources */,
				D0195B8B21730DA2006EA713 /* Framework.swift in Sources */,
				D008D86E2176C63E00E5C0DA /* SortSettingTableViewCell.swift in Sources */,
				D0195B7E2172E758006EA713 /* TableViewSectionIndexTitleGenerator.swift in Sources */,
			);
			runOnlyForDeploymentPostprocessing = 0;
		};
		D04871AF216AF31E0085D22C /* Sources */ = {
			isa = PBXSourcesBuildPhase;
			buildActionMask = 2147483647;
			files = (
				D04871B8216AF31E0085D22C /* LibrecaTests.swift in Sources */,
			);
			runOnlyForDeploymentPostprocessing = 0;
		};
/* End PBXSourcesBuildPhase section */

/* Begin PBXTargetDependency section */
		D04871B5216AF31E0085D22C /* PBXTargetDependency */ = {
			isa = PBXTargetDependency;
			target = D048719C216AF31D0085D22C /* Libreca */;
			targetProxy = D04871B4216AF31E0085D22C /* PBXContainerItemProxy */;
		};
/* End PBXTargetDependency section */

/* Begin PBXVariantGroup section */
		D04871A6216AF31D0085D22C /* Books.storyboard */ = {
			isa = PBXVariantGroup;
			children = (
				D04871A7216AF31D0085D22C /* Base */,
			);
			name = Books.storyboard;
			sourceTree = "<group>";
		};
		D04871AB216AF31E0085D22C /* LaunchScreen.storyboard */ = {
			isa = PBXVariantGroup;
			children = (
				D04871AC216AF31E0085D22C /* Base */,
			);
			name = LaunchScreen.storyboard;
			sourceTree = "<group>";
		};
/* End PBXVariantGroup section */

/* Begin XCBuildConfiguration section */
		D04871BA216AF31E0085D22C /* Debug */ = {
			isa = XCBuildConfiguration;
			buildSettings = {
				ALWAYS_SEARCH_USER_PATHS = NO;
				CLANG_ANALYZER_NONNULL = YES;
				CLANG_ANALYZER_NUMBER_OBJECT_CONVERSION = YES_AGGRESSIVE;
				CLANG_CXX_LANGUAGE_STANDARD = "gnu++14";
				CLANG_CXX_LIBRARY = "libc++";
				CLANG_ENABLE_MODULES = YES;
				CLANG_ENABLE_OBJC_ARC = YES;
				CLANG_ENABLE_OBJC_WEAK = YES;
				CLANG_WARN_BLOCK_CAPTURE_AUTORELEASING = YES;
				CLANG_WARN_BOOL_CONVERSION = YES;
				CLANG_WARN_COMMA = YES;
				CLANG_WARN_CONSTANT_CONVERSION = YES;
				CLANG_WARN_DEPRECATED_OBJC_IMPLEMENTATIONS = YES;
				CLANG_WARN_DIRECT_OBJC_ISA_USAGE = YES_ERROR;
				CLANG_WARN_DOCUMENTATION_COMMENTS = YES;
				CLANG_WARN_EMPTY_BODY = YES;
				CLANG_WARN_ENUM_CONVERSION = YES;
				CLANG_WARN_INFINITE_RECURSION = YES;
				CLANG_WARN_INT_CONVERSION = YES;
				CLANG_WARN_NON_LITERAL_NULL_CONVERSION = YES;
				CLANG_WARN_OBJC_IMPLICIT_RETAIN_SELF = YES;
				CLANG_WARN_OBJC_LITERAL_CONVERSION = YES;
				CLANG_WARN_OBJC_ROOT_CLASS = YES_ERROR;
				CLANG_WARN_RANGE_LOOP_ANALYSIS = YES;
				CLANG_WARN_STRICT_PROTOTYPES = YES;
				CLANG_WARN_SUSPICIOUS_MOVE = YES;
				CLANG_WARN_UNGUARDED_AVAILABILITY = YES_AGGRESSIVE;
				CLANG_WARN_UNREACHABLE_CODE = YES;
				CLANG_WARN__DUPLICATE_METHOD_MATCH = YES;
				CODE_SIGN_IDENTITY = "iPhone Developer";
				COPY_PHASE_STRIP = NO;
				DEBUG_INFORMATION_FORMAT = dwarf;
				ENABLE_STRICT_OBJC_MSGSEND = YES;
				ENABLE_TESTABILITY = YES;
				GCC_C_LANGUAGE_STANDARD = gnu11;
				GCC_DYNAMIC_NO_PIC = NO;
				GCC_NO_COMMON_BLOCKS = YES;
				GCC_OPTIMIZATION_LEVEL = 0;
				GCC_PREPROCESSOR_DEFINITIONS = (
					"DEBUG=1",
					"$(inherited)",
				);
				GCC_WARN_64_TO_32_BIT_CONVERSION = YES;
				GCC_WARN_ABOUT_RETURN_TYPE = YES_ERROR;
				GCC_WARN_UNDECLARED_SELECTOR = YES;
				GCC_WARN_UNINITIALIZED_AUTOS = YES_AGGRESSIVE;
				GCC_WARN_UNUSED_FUNCTION = YES;
				GCC_WARN_UNUSED_VARIABLE = YES;
				IPHONEOS_DEPLOYMENT_TARGET = 12.0;
				MTL_ENABLE_DEBUG_INFO = INCLUDE_SOURCE;
				MTL_FAST_MATH = YES;
				ONLY_ACTIVE_ARCH = YES;
				SDKROOT = iphoneos;
				SWIFT_ACTIVE_COMPILATION_CONDITIONS = DEBUG;
				SWIFT_OPTIMIZATION_LEVEL = "-Onone";
			};
			name = Debug;
		};
		D04871BB216AF31E0085D22C /* Release */ = {
			isa = XCBuildConfiguration;
			buildSettings = {
				ALWAYS_SEARCH_USER_PATHS = NO;
				CLANG_ANALYZER_NONNULL = YES;
				CLANG_ANALYZER_NUMBER_OBJECT_CONVERSION = YES_AGGRESSIVE;
				CLANG_CXX_LANGUAGE_STANDARD = "gnu++14";
				CLANG_CXX_LIBRARY = "libc++";
				CLANG_ENABLE_MODULES = YES;
				CLANG_ENABLE_OBJC_ARC = YES;
				CLANG_ENABLE_OBJC_WEAK = YES;
				CLANG_WARN_BLOCK_CAPTURE_AUTORELEASING = YES;
				CLANG_WARN_BOOL_CONVERSION = YES;
				CLANG_WARN_COMMA = YES;
				CLANG_WARN_CONSTANT_CONVERSION = YES;
				CLANG_WARN_DEPRECATED_OBJC_IMPLEMENTATIONS = YES;
				CLANG_WARN_DIRECT_OBJC_ISA_USAGE = YES_ERROR;
				CLANG_WARN_DOCUMENTATION_COMMENTS = YES;
				CLANG_WARN_EMPTY_BODY = YES;
				CLANG_WARN_ENUM_CONVERSION = YES;
				CLANG_WARN_INFINITE_RECURSION = YES;
				CLANG_WARN_INT_CONVERSION = YES;
				CLANG_WARN_NON_LITERAL_NULL_CONVERSION = YES;
				CLANG_WARN_OBJC_IMPLICIT_RETAIN_SELF = YES;
				CLANG_WARN_OBJC_LITERAL_CONVERSION = YES;
				CLANG_WARN_OBJC_ROOT_CLASS = YES_ERROR;
				CLANG_WARN_RANGE_LOOP_ANALYSIS = YES;
				CLANG_WARN_STRICT_PROTOTYPES = YES;
				CLANG_WARN_SUSPICIOUS_MOVE = YES;
				CLANG_WARN_UNGUARDED_AVAILABILITY = YES_AGGRESSIVE;
				CLANG_WARN_UNREACHABLE_CODE = YES;
				CLANG_WARN__DUPLICATE_METHOD_MATCH = YES;
				CODE_SIGN_IDENTITY = "iPhone Developer";
				COPY_PHASE_STRIP = NO;
				DEBUG_INFORMATION_FORMAT = "dwarf-with-dsym";
				ENABLE_NS_ASSERTIONS = NO;
				ENABLE_STRICT_OBJC_MSGSEND = YES;
				GCC_C_LANGUAGE_STANDARD = gnu11;
				GCC_NO_COMMON_BLOCKS = YES;
				GCC_WARN_64_TO_32_BIT_CONVERSION = YES;
				GCC_WARN_ABOUT_RETURN_TYPE = YES_ERROR;
				GCC_WARN_UNDECLARED_SELECTOR = YES;
				GCC_WARN_UNINITIALIZED_AUTOS = YES_AGGRESSIVE;
				GCC_WARN_UNUSED_FUNCTION = YES;
				GCC_WARN_UNUSED_VARIABLE = YES;
				IPHONEOS_DEPLOYMENT_TARGET = 12.0;
				MTL_ENABLE_DEBUG_INFO = NO;
				MTL_FAST_MATH = YES;
				SDKROOT = iphoneos;
				SWIFT_COMPILATION_MODE = wholemodule;
				SWIFT_OPTIMIZATION_LEVEL = "-O";
				VALIDATE_PRODUCT = YES;
			};
			name = Release;
		};
		D04871BD216AF31E0085D22C /* Debug */ = {
			isa = XCBuildConfiguration;
			buildSettings = {
				ASSETCATALOG_COMPILER_APPICON_NAME = AppIcon;
				CODE_SIGN_IDENTITY = "iPhone Developer";
				CODE_SIGN_STYLE = Manual;
				DEBUG_INFORMATION_FORMAT = "dwarf-with-dsym";
				DEVELOPMENT_TEAM = 6CRFEU9SAX;
				FRAMEWORK_SEARCH_PATHS = (
					"$(inherited)",
					"$(PROJECT_DIR)/Carthage/Build/iOS",
				);
				INFOPLIST_FILE = Libreca/Info.plist;
				LD_RUNPATH_SEARCH_PATHS = (
					"$(inherited)",
					"@executable_path/Frameworks",
				);
				ONLY_ACTIVE_ARCH = YES;
				OTHER_LDFLAGS = "-ObjC";
				PRODUCT_BUNDLE_IDENTIFIER = com.marshall.justin.mobile.ios.Libreca;
				PRODUCT_NAME = "$(TARGET_NAME)";
				PROVISIONING_PROFILE_SPECIFIER = "Libreca - dev";
				SWIFT_VERSION = 4.2;
				TARGETED_DEVICE_FAMILY = "1,2";
			};
			name = Debug;
		};
		D04871BE216AF31E0085D22C /* Release */ = {
			isa = XCBuildConfiguration;
			buildSettings = {
				ASSETCATALOG_COMPILER_APPICON_NAME = AppIcon;
				CODE_SIGN_IDENTITY = "iPhone Distribution";
				CODE_SIGN_STYLE = Manual;
				DEBUG_INFORMATION_FORMAT = "dwarf-with-dsym";
				DEVELOPMENT_TEAM = 6CRFEU9SAX;
				FRAMEWORK_SEARCH_PATHS = (
					"$(inherited)",
					"$(PROJECT_DIR)/Carthage/Build/iOS",
				);
				INFOPLIST_FILE = Libreca/Info.plist;
				LD_RUNPATH_SEARCH_PATHS = (
					"$(inherited)",
					"@executable_path/Frameworks",
				);
				OTHER_LDFLAGS = "-ObjC";
				PRODUCT_BUNDLE_IDENTIFIER = com.marshall.justin.mobile.ios.Libreca;
				PRODUCT_NAME = "$(TARGET_NAME)";
				PROVISIONING_PROFILE_SPECIFIER = "Libreca - prod";
				SWIFT_VERSION = 4.2;
				TARGETED_DEVICE_FAMILY = "1,2";
			};
			name = Release;
		};
		D04871C0216AF31E0085D22C /* Debug */ = {
			isa = XCBuildConfiguration;
			buildSettings = {
				ALWAYS_EMBED_SWIFT_STANDARD_LIBRARIES = YES;
				BUNDLE_LOADER = "$(TEST_HOST)";
				CODE_SIGN_STYLE = Automatic;
				DEVELOPMENT_TEAM = 6CRFEU9SAX;
				INFOPLIST_FILE = LibrecaTests/Info.plist;
				LD_RUNPATH_SEARCH_PATHS = (
					"$(inherited)",
					"@executable_path/Frameworks",
					"@loader_path/Frameworks",
				);
				PRODUCT_BUNDLE_IDENTIFIER = com.marshall.justin.mobile.ios.LibrecaTests;
				PRODUCT_NAME = "$(TARGET_NAME)";
				SWIFT_VERSION = 4.2;
				TARGETED_DEVICE_FAMILY = "1,2";
				TEST_HOST = "$(BUILT_PRODUCTS_DIR)/Libreca.app/Libreca";
			};
			name = Debug;
		};
		D04871C1216AF31E0085D22C /* Release */ = {
			isa = XCBuildConfiguration;
			buildSettings = {
				ALWAYS_EMBED_SWIFT_STANDARD_LIBRARIES = YES;
				BUNDLE_LOADER = "$(TEST_HOST)";
				CODE_SIGN_STYLE = Automatic;
				DEVELOPMENT_TEAM = 6CRFEU9SAX;
				INFOPLIST_FILE = LibrecaTests/Info.plist;
				LD_RUNPATH_SEARCH_PATHS = (
					"$(inherited)",
					"@executable_path/Frameworks",
					"@loader_path/Frameworks",
				);
				PRODUCT_BUNDLE_IDENTIFIER = com.marshall.justin.mobile.ios.LibrecaTests;
				PRODUCT_NAME = "$(TARGET_NAME)";
				SWIFT_VERSION = 4.2;
				TARGETED_DEVICE_FAMILY = "1,2";
				TEST_HOST = "$(BUILT_PRODUCTS_DIR)/Libreca.app/Libreca";
			};
			name = Release;
		};
/* End XCBuildConfiguration section */

/* Begin XCConfigurationList section */
		D0487198216AF31D0085D22C /* Build configuration list for PBXProject "Libreca" */ = {
			isa = XCConfigurationList;
			buildConfigurations = (
				D04871BA216AF31E0085D22C /* Debug */,
				D04871BB216AF31E0085D22C /* Release */,
			);
			defaultConfigurationIsVisible = 0;
			defaultConfigurationName = Release;
		};
		D04871BC216AF31E0085D22C /* Build configuration list for PBXNativeTarget "Libreca" */ = {
			isa = XCConfigurationList;
			buildConfigurations = (
				D04871BD216AF31E0085D22C /* Debug */,
				D04871BE216AF31E0085D22C /* Release */,
			);
			defaultConfigurationIsVisible = 0;
			defaultConfigurationName = Release;
		};
		D04871BF216AF31E0085D22C /* Build configuration list for PBXNativeTarget "LibrecaTests" */ = {
			isa = XCConfigurationList;
			buildConfigurations = (
				D04871C0216AF31E0085D22C /* Debug */,
				D04871C1216AF31E0085D22C /* Release */,
			);
			defaultConfigurationIsVisible = 0;
			defaultConfigurationName = Release;
		};
/* End XCConfigurationList section */
	};
	rootObject = D0487195216AF31D0085D22C /* Project object */;
}
