// !$*UTF8*$!
{
	archiveVersion = 1;
	classes = {
	};
	objectVersion = 50;
	objects = {

/* Begin PBXBuildFile section */
		D0195B7E2172E758006EA713 /* TableViewSectionIndexTitleGenerator.swift in Sources */ = {isa = PBXBuildFile; fileRef = D0195B7D2172E758006EA713 /* TableViewSectionIndexTitleGenerator.swift */; };
		D02F75E221703B480040EDE5 /* BooksListViewModel.swift in Sources */ = {isa = PBXBuildFile; fileRef = D02F75E121703B480040EDE5 /* BooksListViewModel.swift */; };
		D02F75E421703D2A0040EDE5 /* BookTableViewCell.swift in Sources */ = {isa = PBXBuildFile; fileRef = D02F75E321703D2A0040EDE5 /* BookTableViewCell.swift */; };
		D04871A1216AF31D0085D22C /* AppDelegate.swift in Sources */ = {isa = PBXBuildFile; fileRef = D04871A0216AF31D0085D22C /* AppDelegate.swift */; };
		D04871A3216AF31D0085D22C /* BooksListViewController.swift in Sources */ = {isa = PBXBuildFile; fileRef = D04871A2216AF31D0085D22C /* BooksListViewController.swift */; };
		D04871A5216AF31D0085D22C /* BookDetailsViewController.swift in Sources */ = {isa = PBXBuildFile; fileRef = D04871A4216AF31D0085D22C /* BookDetailsViewController.swift */; };
		D04871A8216AF31D0085D22C /* Books.storyboard in Resources */ = {isa = PBXBuildFile; fileRef = D04871A6216AF31D0085D22C /* Books.storyboard */; };
		D04871AA216AF31E0085D22C /* Assets.xcassets in Resources */ = {isa = PBXBuildFile; fileRef = D04871A9216AF31E0085D22C /* Assets.xcassets */; };
		D04871AD216AF31E0085D22C /* LaunchScreen.storyboard in Resources */ = {isa = PBXBuildFile; fileRef = D04871AB216AF31E0085D22C /* LaunchScreen.storyboard */; };
		D04871B8216AF31E0085D22C /* LibrecaiosTests.swift in Sources */ = {isa = PBXBuildFile; fileRef = D04871B7216AF31E0085D22C /* LibrecaiosTests.swift */; };
		D0B475F1216AF613008FDA50 /* Alamofire.framework in Frameworks */ = {isa = PBXBuildFile; fileRef = D0B475E8216AF5F3008FDA50 /* Alamofire.framework */; };
		D0B475F2216AF613008FDA50 /* Alamofire.framework in Embed Frameworks */ = {isa = PBXBuildFile; fileRef = D0B475E8216AF5F3008FDA50 /* Alamofire.framework */; settings = {ATTRIBUTES = (CodeSignOnCopy, RemoveHeadersOnCopy, ); }; };
		D0B475F3216AF613008FDA50 /* CalibreKit.framework in Frameworks */ = {isa = PBXBuildFile; fileRef = D0B475E9216AF5F3008FDA50 /* CalibreKit.framework */; };
		D0B475F4216AF613008FDA50 /* CalibreKit.framework in Embed Frameworks */ = {isa = PBXBuildFile; fileRef = D0B475E9216AF5F3008FDA50 /* CalibreKit.framework */; settings = {ATTRIBUTES = (CodeSignOnCopy, RemoveHeadersOnCopy, ); }; };
/* End PBXBuildFile section */

/* Begin PBXContainerItemProxy section */
		D04871B4216AF31E0085D22C /* PBXContainerItemProxy */ = {
			isa = PBXContainerItemProxy;
			containerPortal = D0487195216AF31D0085D22C /* Project object */;
			proxyType = 1;
			remoteGlobalIDString = D048719C216AF31D0085D22C;
			remoteInfo = Librecaios;
		};
/* End PBXContainerItemProxy section */

/* Begin PBXCopyFilesBuildPhase section */
		D0B475F5216AF613008FDA50 /* Embed Frameworks */ = {
			isa = PBXCopyFilesBuildPhase;
			buildActionMask = 2147483647;
			dstPath = "";
			dstSubfolderSpec = 10;
			files = (
				D0B475F4216AF613008FDA50 /* CalibreKit.framework in Embed Frameworks */,
				D0B475F2216AF613008FDA50 /* Alamofire.framework in Embed Frameworks */,
			);
			name = "Embed Frameworks";
			runOnlyForDeploymentPostprocessing = 0;
		};
/* End PBXCopyFilesBuildPhase section */

/* Begin PBXFileReference section */
		D0195B7D2172E758006EA713 /* TableViewSectionIndexTitleGenerator.swift */ = {isa = PBXFileReference; fileEncoding = 4; lastKnownFileType = sourcecode.swift; path = TableViewSectionIndexTitleGenerator.swift; sourceTree = "<group>"; };
		D02F75E121703B480040EDE5 /* BooksListViewModel.swift */ = {isa = PBXFileReference; lastKnownFileType = sourcecode.swift; path = BooksListViewModel.swift; sourceTree = "<group>"; };
		D02F75E321703D2A0040EDE5 /* BookTableViewCell.swift */ = {isa = PBXFileReference; lastKnownFileType = sourcecode.swift; path = BookTableViewCell.swift; sourceTree = "<group>"; };
		D048719D216AF31D0085D22C /* Librecaios.app */ = {isa = PBXFileReference; explicitFileType = wrapper.application; includeInIndex = 0; path = Librecaios.app; sourceTree = BUILT_PRODUCTS_DIR; };
		D04871A0216AF31D0085D22C /* AppDelegate.swift */ = {isa = PBXFileReference; lastKnownFileType = sourcecode.swift; path = AppDelegate.swift; sourceTree = "<group>"; };
		D04871A2216AF31D0085D22C /* BooksListViewController.swift */ = {isa = PBXFileReference; lastKnownFileType = sourcecode.swift; path = BooksListViewController.swift; sourceTree = "<group>"; };
		D04871A4216AF31D0085D22C /* BookDetailsViewController.swift */ = {isa = PBXFileReference; lastKnownFileType = sourcecode.swift; path = BookDetailsViewController.swift; sourceTree = "<group>"; };
		D04871A7216AF31D0085D22C /* Base */ = {isa = PBXFileReference; lastKnownFileType = file.storyboard; name = Base; path = Base.lproj/Books.storyboard; sourceTree = "<group>"; };
		D04871A9216AF31E0085D22C /* Assets.xcassets */ = {isa = PBXFileReference; lastKnownFileType = folder.assetcatalog; path = Assets.xcassets; sourceTree = "<group>"; };
		D04871AC216AF31E0085D22C /* Base */ = {isa = PBXFileReference; lastKnownFileType = file.storyboard; name = Base; path = Base.lproj/LaunchScreen.storyboard; sourceTree = "<group>"; };
		D04871AE216AF31E0085D22C /* Info.plist */ = {isa = PBXFileReference; lastKnownFileType = text.plist.xml; path = Info.plist; sourceTree = "<group>"; };
		D04871B3216AF31E0085D22C /* LibrecaiosTests.xctest */ = {isa = PBXFileReference; explicitFileType = wrapper.cfbundle; includeInIndex = 0; path = LibrecaiosTests.xctest; sourceTree = BUILT_PRODUCTS_DIR; };
		D04871B7216AF31E0085D22C /* LibrecaiosTests.swift */ = {isa = PBXFileReference; lastKnownFileType = sourcecode.swift; path = LibrecaiosTests.swift; sourceTree = "<group>"; };
		D04871B9216AF31E0085D22C /* Info.plist */ = {isa = PBXFileReference; lastKnownFileType = text.plist.xml; path = Info.plist; sourceTree = "<group>"; };
		D0B475E8216AF5F3008FDA50 /* Alamofire.framework */ = {isa = PBXFileReference; lastKnownFileType = wrapper.framework; path = Alamofire.framework; sourceTree = BUILT_PRODUCTS_DIR; };
		D0B475E9216AF5F3008FDA50 /* CalibreKit.framework */ = {isa = PBXFileReference; lastKnownFileType = wrapper.framework; path = CalibreKit.framework; sourceTree = BUILT_PRODUCTS_DIR; };
/* End PBXFileReference section */

/* Begin PBXFrameworksBuildPhase section */
		D048719A216AF31D0085D22C /* Frameworks */ = {
			isa = PBXFrameworksBuildPhase;
			buildActionMask = 2147483647;
			files = (
				D0B475F3216AF613008FDA50 /* CalibreKit.framework in Frameworks */,
				D0B475F1216AF613008FDA50 /* Alamofire.framework in Frameworks */,
			);
			runOnlyForDeploymentPostprocessing = 0;
		};
		D04871B0216AF31E0085D22C /* Frameworks */ = {
			isa = PBXFrameworksBuildPhase;
			buildActionMask = 2147483647;
			files = (
			);
			runOnlyForDeploymentPostprocessing = 0;
		};
/* End PBXFrameworksBuildPhase section */

/* Begin PBXGroup section */
		D02F75DC217036D90040EDE5 /* Books */ = {
			isa = PBXGroup;
			children = (
				D02F75E321703D2A0040EDE5 /* BookTableViewCell.swift */,
				D04871A2216AF31D0085D22C /* BooksListViewController.swift */,
				D02F75E121703B480040EDE5 /* BooksListViewModel.swift */,
				D04871A4216AF31D0085D22C /* BookDetailsViewController.swift */,
				D0195B7D2172E758006EA713 /* TableViewSectionIndexTitleGenerator.swift */,
				D04871A6216AF31D0085D22C /* Books.storyboard */,
			);
			path = Books;
			sourceTree = "<group>";
		};
		D02F75DD217036E10040EDE5 /* Startup */ = {
			isa = PBXGroup;
			children = (
				D04871A0216AF31D0085D22C /* AppDelegate.swift */,
			);
			path = Startup;
			sourceTree = "<group>";
		};
		D02F75DE217036F20040EDE5 /* Supporting Files */ = {
			isa = PBXGroup;
			children = (
				D04871A9216AF31E0085D22C /* Assets.xcassets */,
				D04871AB216AF31E0085D22C /* LaunchScreen.storyboard */,
				D04871AE216AF31E0085D22C /* Info.plist */,
			);
			name = "Supporting Files";
			sourceTree = "<group>";
		};
		D0487194216AF31D0085D22C = {
			isa = PBXGroup;
			children = (
				D048719F216AF31D0085D22C /* Librecaios */,
				D04871B6216AF31E0085D22C /* LibrecaiosTests */,
				D0B475E7216AF5E6008FDA50 /* Frameworks */,
				D048719E216AF31D0085D22C /* Products */,
			);
			sourceTree = "<group>";
		};
		D048719E216AF31D0085D22C /* Products */ = {
			isa = PBXGroup;
			children = (
				D048719D216AF31D0085D22C /* Librecaios.app */,
				D04871B3216AF31E0085D22C /* LibrecaiosTests.xctest */,
			);
			name = Products;
			sourceTree = "<group>";
		};
		D048719F216AF31D0085D22C /* Librecaios */ = {
			isa = PBXGroup;
			children = (
				D02F75DD217036E10040EDE5 /* Startup */,
				D02F75DC217036D90040EDE5 /* Books */,
				D02F75DE217036F20040EDE5 /* Supporting Files */,
			);
			path = Librecaios;
			sourceTree = "<group>";
		};
		D04871B6216AF31E0085D22C /* LibrecaiosTests */ = {
			isa = PBXGroup;
			children = (
				D04871B7216AF31E0085D22C /* LibrecaiosTests.swift */,
				D04871B9216AF31E0085D22C /* Info.plist */,
			);
			path = LibrecaiosTests;
			sourceTree = "<group>";
		};
		D0B475E7216AF5E6008FDA50 /* Frameworks */ = {
			isa = PBXGroup;
			children = (
				D0B475E8216AF5F3008FDA50 /* Alamofire.framework */,
				D0B475E9216AF5F3008FDA50 /* CalibreKit.framework */,
			);
			name = Frameworks;
			sourceTree = "<group>";
		};
/* End PBXGroup section */

/* Begin PBXNativeTarget section */
		D048719C216AF31D0085D22C /* Librecaios */ = {
			isa = PBXNativeTarget;
			buildConfigurationList = D04871BC216AF31E0085D22C /* Build configuration list for PBXNativeTarget "Librecaios" */;
			buildPhases = (
				D0487199216AF31D0085D22C /* Sources */,
				D048719A216AF31D0085D22C /* Frameworks */,
				D048719B216AF31D0085D22C /* Resources */,
				D0B475F5216AF613008FDA50 /* Embed Frameworks */,
				D0B475F6216AF62D008FDA50 /* SwiftLint */,
			);
			buildRules = (
			);
			dependencies = (
			);
			name = Librecaios;
			productName = Librecaios;
			productReference = D048719D216AF31D0085D22C /* Librecaios.app */;
			productType = "com.apple.product-type.application";
		};
		D04871B2216AF31E0085D22C /* LibrecaiosTests */ = {
			isa = PBXNativeTarget;
			buildConfigurationList = D04871BF216AF31E0085D22C /* Build configuration list for PBXNativeTarget "LibrecaiosTests" */;
			buildPhases = (
				D04871AF216AF31E0085D22C /* Sources */,
				D04871B0216AF31E0085D22C /* Frameworks */,
				D04871B1216AF31E0085D22C /* Resources */,
			);
			buildRules = (
			);
			dependencies = (
				D04871B5216AF31E0085D22C /* PBXTargetDependency */,
			);
			name = LibrecaiosTests;
			productName = LibrecaiosTests;
			productReference = D04871B3216AF31E0085D22C /* LibrecaiosTests.xctest */;
			productType = "com.apple.product-type.bundle.unit-test";
		};
/* End PBXNativeTarget section */

/* Begin PBXProject section */
		D0487195216AF31D0085D22C /* Project object */ = {
			isa = PBXProject;
			attributes = {
				LastSwiftUpdateCheck = 1000;
				LastUpgradeCheck = 1000;
				ORGANIZATIONNAME = "Justin Marshall";
				TargetAttributes = {
					D048719C216AF31D0085D22C = {
						CreatedOnToolsVersion = 10.0;
					};
					D04871B2216AF31E0085D22C = {
						CreatedOnToolsVersion = 10.0;
						TestTargetID = D048719C216AF31D0085D22C;
					};
				};
			};
			buildConfigurationList = D0487198216AF31D0085D22C /* Build configuration list for PBXProject "Librecaios" */;
			compatibilityVersion = "Xcode 9.3";
			developmentRegion = en;
			hasScannedForEncodings = 0;
			knownRegions = (
				en,
				Base,
			);
			mainGroup = D0487194216AF31D0085D22C;
			productRefGroup = D048719E216AF31D0085D22C /* Products */;
			projectDirPath = "";
			projectRoot = "";
			targets = (
				D048719C216AF31D0085D22C /* Librecaios */,
				D04871B2216AF31E0085D22C /* LibrecaiosTests */,
			);
		};
/* End PBXProject section */

/* Begin PBXResourcesBuildPhase section */
		D048719B216AF31D0085D22C /* Resources */ = {
			isa = PBXResourcesBuildPhase;
			buildActionMask = 2147483647;
			files = (
				D04871AD216AF31E0085D22C /* LaunchScreen.storyboard in Resources */,
				D04871AA216AF31E0085D22C /* Assets.xcassets in Resources */,
				D04871A8216AF31D0085D22C /* Books.storyboard in Resources */,
			);
			runOnlyForDeploymentPostprocessing = 0;
		};
		D04871B1216AF31E0085D22C /* Resources */ = {
			isa = PBXResourcesBuildPhase;
			buildActionMask = 2147483647;
			files = (
			);
			runOnlyForDeploymentPostprocessing = 0;
		};
/* End PBXResourcesBuildPhase section */

/* Begin PBXShellScriptBuildPhase section */
		D0B475F6216AF62D008FDA50 /* SwiftLint */ = {
			isa = PBXShellScriptBuildPhase;
			buildActionMask = 2147483647;
			files = (
			);
			inputFileListPaths = (
			);
			inputPaths = (
			);
			name = SwiftLint;
			outputFileListPaths = (
			);
			outputPaths = (
			);
			runOnlyForDeploymentPostprocessing = 0;
			shellPath = /bin/sh;
			shellScript = "if which /usr/local/bin/swiftlint >/dev/null; then\n    /usr/local/bin/swiftlint lint --config \"Carthage/Checkouts/SwiftLintConfig/.swiftlint.yml\" --no-cache\nelse\n    echo \"error: SwiftLint not installed, download from https://github.com/realm/SwiftLint\"\n    return 1\nfi\n";
		};
/* End PBXShellScriptBuildPhase section */

/* Begin PBXSourcesBuildPhase section */
		D0487199216AF31D0085D22C /* Sources */ = {
			isa = PBXSourcesBuildPhase;
			buildActionMask = 2147483647;
			files = (
				D04871A5216AF31D0085D22C /* BookDetailsViewController.swift in Sources */,
				D02F75E221703B480040EDE5 /* BooksListViewModel.swift in Sources */,
				D04871A3216AF31D0085D22C /* BooksListViewController.swift in Sources */,
				D02F75E421703D2A0040EDE5 /* BookTableViewCell.swift in Sources */,
				D04871A1216AF31D0085D22C /* AppDelegate.swift in Sources */,
				D0195B7E2172E758006EA713 /* TableViewSectionIndexTitleGenerator.swift in Sources */,
			);
			runOnlyForDeploymentPostprocessing = 0;
		};
		D04871AF216AF31E0085D22C /* Sources */ = {
			isa = PBXSourcesBuildPhase;
			buildActionMask = 2147483647;
			files = (
				D04871B8216AF31E0085D22C /* LibrecaiosTests.swift in Sources */,
			);
			runOnlyForDeploymentPostprocessing = 0;
		};
/* End PBXSourcesBuildPhase section */

/* Begin PBXTargetDependency section */
		D04871B5216AF31E0085D22C /* PBXTargetDependency */ = {
			isa = PBXTargetDependency;
			target = D048719C216AF31D0085D22C /* Librecaios */;
			targetProxy = D04871B4216AF31E0085D22C /* PBXContainerItemProxy */;
		};
/* End PBXTargetDependency section */

/* Begin PBXVariantGroup section */
		D04871A6216AF31D0085D22C /* Books.storyboard */ = {
			isa = PBXVariantGroup;
			children = (
				D04871A7216AF31D0085D22C /* Base */,
			);
			name = Books.storyboard;
			sourceTree = "<group>";
		};
		D04871AB216AF31E0085D22C /* LaunchScreen.storyboard */ = {
			isa = PBXVariantGroup;
			children = (
				D04871AC216AF31E0085D22C /* Base */,
			);
			name = LaunchScreen.storyboard;
			sourceTree = "<group>";
		};
/* End PBXVariantGroup section */

/* Begin XCBuildConfiguration section */
		D04871BA216AF31E0085D22C /* Debug */ = {
			isa = XCBuildConfiguration;
			buildSettings = {
				ALWAYS_SEARCH_USER_PATHS = NO;
				CLANG_ANALYZER_NONNULL = YES;
				CLANG_ANALYZER_NUMBER_OBJECT_CONVERSION = YES_AGGRESSIVE;
				CLANG_CXX_LANGUAGE_STANDARD = "gnu++14";
				CLANG_CXX_LIBRARY = "libc++";
				CLANG_ENABLE_MODULES = YES;
				CLANG_ENABLE_OBJC_ARC = YES;
				CLANG_ENABLE_OBJC_WEAK = YES;
				CLANG_WARN_BLOCK_CAPTURE_AUTORELEASING = YES;
				CLANG_WARN_BOOL_CONVERSION = YES;
				CLANG_WARN_COMMA = YES;
				CLANG_WARN_CONSTANT_CONVERSION = YES;
				CLANG_WARN_DEPRECATED_OBJC_IMPLEMENTATIONS = YES;
				CLANG_WARN_DIRECT_OBJC_ISA_USAGE = YES_ERROR;
				CLANG_WARN_DOCUMENTATION_COMMENTS = YES;
				CLANG_WARN_EMPTY_BODY = YES;
				CLANG_WARN_ENUM_CONVERSION = YES;
				CLANG_WARN_INFINITE_RECURSION = YES;
				CLANG_WARN_INT_CONVERSION = YES;
				CLANG_WARN_NON_LITERAL_NULL_CONVERSION = YES;
				CLANG_WARN_OBJC_IMPLICIT_RETAIN_SELF = YES;
				CLANG_WARN_OBJC_LITERAL_CONVERSION = YES;
				CLANG_WARN_OBJC_ROOT_CLASS = YES_ERROR;
				CLANG_WARN_RANGE_LOOP_ANALYSIS = YES;
				CLANG_WARN_STRICT_PROTOTYPES = YES;
				CLANG_WARN_SUSPICIOUS_MOVE = YES;
				CLANG_WARN_UNGUARDED_AVAILABILITY = YES_AGGRESSIVE;
				CLANG_WARN_UNREACHABLE_CODE = YES;
				CLANG_WARN__DUPLICATE_METHOD_MATCH = YES;
				CODE_SIGN_IDENTITY = "iPhone Developer";
				COPY_PHASE_STRIP = NO;
				DEBUG_INFORMATION_FORMAT = dwarf;
				ENABLE_STRICT_OBJC_MSGSEND = YES;
				ENABLE_TESTABILITY = YES;
				GCC_C_LANGUAGE_STANDARD = gnu11;
				GCC_DYNAMIC_NO_PIC = NO;
				GCC_NO_COMMON_BLOCKS = YES;
				GCC_OPTIMIZATION_LEVEL = 0;
				GCC_PREPROCESSOR_DEFINITIONS = (
					"DEBUG=1",
					"$(inherited)",
				);
				GCC_WARN_64_TO_32_BIT_CONVERSION = YES;
				GCC_WARN_ABOUT_RETURN_TYPE = YES_ERROR;
				GCC_WARN_UNDECLARED_SELECTOR = YES;
				GCC_WARN_UNINITIALIZED_AUTOS = YES_AGGRESSIVE;
				GCC_WARN_UNUSED_FUNCTION = YES;
				GCC_WARN_UNUSED_VARIABLE = YES;
				IPHONEOS_DEPLOYMENT_TARGET = 12.0;
				MTL_ENABLE_DEBUG_INFO = INCLUDE_SOURCE;
				MTL_FAST_MATH = YES;
				ONLY_ACTIVE_ARCH = YES;
				SDKROOT = iphoneos;
				SWIFT_ACTIVE_COMPILATION_CONDITIONS = DEBUG;
				SWIFT_OPTIMIZATION_LEVEL = "-Onone";
			};
			name = Debug;
		};
		D04871BB216AF31E0085D22C /* Release */ = {
			isa = XCBuildConfiguration;
			buildSettings = {
				ALWAYS_SEARCH_USER_PATHS = NO;
				CLANG_ANALYZER_NONNULL = YES;
				CLANG_ANALYZER_NUMBER_OBJECT_CONVERSION = YES_AGGRESSIVE;
				CLANG_CXX_LANGUAGE_STANDARD = "gnu++14";
				CLANG_CXX_LIBRARY = "libc++";
				CLANG_ENABLE_MODULES = YES;
				CLANG_ENABLE_OBJC_ARC = YES;
				CLANG_ENABLE_OBJC_WEAK = YES;
				CLANG_WARN_BLOCK_CAPTURE_AUTORELEASING = YES;
				CLANG_WARN_BOOL_CONVERSION = YES;
				CLANG_WARN_COMMA = YES;
				CLANG_WARN_CONSTANT_CONVERSION = YES;
				CLANG_WARN_DEPRECATED_OBJC_IMPLEMENTATIONS = YES;
				CLANG_WARN_DIRECT_OBJC_ISA_USAGE = YES_ERROR;
				CLANG_WARN_DOCUMENTATION_COMMENTS = YES;
				CLANG_WARN_EMPTY_BODY = YES;
				CLANG_WARN_ENUM_CONVERSION = YES;
				CLANG_WARN_INFINITE_RECURSION = YES;
				CLANG_WARN_INT_CONVERSION = YES;
				CLANG_WARN_NON_LITERAL_NULL_CONVERSION = YES;
				CLANG_WARN_OBJC_IMPLICIT_RETAIN_SELF = YES;
				CLANG_WARN_OBJC_LITERAL_CONVERSION = YES;
				CLANG_WARN_OBJC_ROOT_CLASS = YES_ERROR;
				CLANG_WARN_RANGE_LOOP_ANALYSIS = YES;
				CLANG_WARN_STRICT_PROTOTYPES = YES;
				CLANG_WARN_SUSPICIOUS_MOVE = YES;
				CLANG_WARN_UNGUARDED_AVAILABILITY = YES_AGGRESSIVE;
				CLANG_WARN_UNREACHABLE_CODE = YES;
				CLANG_WARN__DUPLICATE_METHOD_MATCH = YES;
				CODE_SIGN_IDENTITY = "iPhone Developer";
				COPY_PHASE_STRIP = NO;
				DEBUG_INFORMATION_FORMAT = "dwarf-with-dsym";
				ENABLE_NS_ASSERTIONS = NO;
				ENABLE_STRICT_OBJC_MSGSEND = YES;
				GCC_C_LANGUAGE_STANDARD = gnu11;
				GCC_NO_COMMON_BLOCKS = YES;
				GCC_WARN_64_TO_32_BIT_CONVERSION = YES;
				GCC_WARN_ABOUT_RETURN_TYPE = YES_ERROR;
				GCC_WARN_UNDECLARED_SELECTOR = YES;
				GCC_WARN_UNINITIALIZED_AUTOS = YES_AGGRESSIVE;
				GCC_WARN_UNUSED_FUNCTION = YES;
				GCC_WARN_UNUSED_VARIABLE = YES;
				IPHONEOS_DEPLOYMENT_TARGET = 12.0;
				MTL_ENABLE_DEBUG_INFO = NO;
				MTL_FAST_MATH = YES;
				SDKROOT = iphoneos;
				SWIFT_COMPILATION_MODE = wholemodule;
				SWIFT_OPTIMIZATION_LEVEL = "-O";
				VALIDATE_PRODUCT = YES;
			};
			name = Release;
		};
		D04871BD216AF31E0085D22C /* Debug */ = {
			isa = XCBuildConfiguration;
			buildSettings = {
				ASSETCATALOG_COMPILER_APPICON_NAME = AppIcon;
				CODE_SIGN_IDENTITY = "iPhone Developer";
				CODE_SIGN_STYLE = Automatic;
				DEVELOPMENT_TEAM = 6CRFEU9SAX;
				INFOPLIST_FILE = Librecaios/Info.plist;
				LD_RUNPATH_SEARCH_PATHS = (
					"$(inherited)",
					"@executable_path/Frameworks",
				);
				PRODUCT_BUNDLE_IDENTIFIER = com.marshall.justin.mobile.ios.Librecaios;
				PRODUCT_NAME = "$(TARGET_NAME)";
				PROVISIONING_PROFILE_SPECIFIER = "";
				SWIFT_VERSION = 4.2;
				TARGETED_DEVICE_FAMILY = "1,2";
			};
			name = Debug;
		};
		D04871BE216AF31E0085D22C /* Release */ = {
			isa = XCBuildConfiguration;
			buildSettings = {
				ASSETCATALOG_COMPILER_APPICON_NAME = AppIcon;
				CODE_SIGN_IDENTITY = "iPhone Developer";
				CODE_SIGN_STYLE = Automatic;
				DEVELOPMENT_TEAM = 6CRFEU9SAX;
				INFOPLIST_FILE = Librecaios/Info.plist;
				LD_RUNPATH_SEARCH_PATHS = (
					"$(inherited)",
					"@executable_path/Frameworks",
				);
				PRODUCT_BUNDLE_IDENTIFIER = com.marshall.justin.mobile.ios.Librecaios;
				PRODUCT_NAME = "$(TARGET_NAME)";
				PROVISIONING_PROFILE_SPECIFIER = "";
				SWIFT_VERSION = 4.2;
				TARGETED_DEVICE_FAMILY = "1,2";
			};
			name = Release;
		};
		D04871C0216AF31E0085D22C /* Debug */ = {
			isa = XCBuildConfiguration;
			buildSettings = {
				ALWAYS_EMBED_SWIFT_STANDARD_LIBRARIES = YES;
				BUNDLE_LOADER = "$(TEST_HOST)";
				CODE_SIGN_STYLE = Automatic;
				DEVELOPMENT_TEAM = 6CRFEU9SAX;
				INFOPLIST_FILE = LibrecaiosTests/Info.plist;
				LD_RUNPATH_SEARCH_PATHS = (
					"$(inherited)",
					"@executable_path/Frameworks",
					"@loader_path/Frameworks",
				);
				PRODUCT_BUNDLE_IDENTIFIER = com.marshall.justin.mobile.ios.LibrecaiosTests;
				PRODUCT_NAME = "$(TARGET_NAME)";
				SWIFT_VERSION = 4.2;
				TARGETED_DEVICE_FAMILY = "1,2";
				TEST_HOST = "$(BUILT_PRODUCTS_DIR)/Librecaios.app/Librecaios";
			};
			name = Debug;
		};
		D04871C1216AF31E0085D22C /* Release */ = {
			isa = XCBuildConfiguration;
			buildSettings = {
				ALWAYS_EMBED_SWIFT_STANDARD_LIBRARIES = YES;
				BUNDLE_LOADER = "$(TEST_HOST)";
				CODE_SIGN_STYLE = Automatic;
				DEVELOPMENT_TEAM = 6CRFEU9SAX;
				INFOPLIST_FILE = LibrecaiosTests/Info.plist;
				LD_RUNPATH_SEARCH_PATHS = (
					"$(inherited)",
					"@executable_path/Frameworks",
					"@loader_path/Frameworks",
				);
				PRODUCT_BUNDLE_IDENTIFIER = com.marshall.justin.mobile.ios.LibrecaiosTests;
				PRODUCT_NAME = "$(TARGET_NAME)";
				SWIFT_VERSION = 4.2;
				TARGETED_DEVICE_FAMILY = "1,2";
				TEST_HOST = "$(BUILT_PRODUCTS_DIR)/Librecaios.app/Librecaios";
			};
			name = Release;
		};
/* End XCBuildConfiguration section */

/* Begin XCConfigurationList section */
		D0487198216AF31D0085D22C /* Build configuration list for PBXProject "Librecaios" */ = {
			isa = XCConfigurationList;
			buildConfigurations = (
				D04871BA216AF31E0085D22C /* Debug */,
				D04871BB216AF31E0085D22C /* Release */,
			);
			defaultConfigurationIsVisible = 0;
			defaultConfigurationName = Release;
		};
		D04871BC216AF31E0085D22C /* Build configuration list for PBXNativeTarget "Librecaios" */ = {
			isa = XCConfigurationList;
			buildConfigurations = (
				D04871BD216AF31E0085D22C /* Debug */,
				D04871BE216AF31E0085D22C /* Release */,
			);
			defaultConfigurationIsVisible = 0;
			defaultConfigurationName = Release;
		};
		D04871BF216AF31E0085D22C /* Build configuration list for PBXNativeTarget "LibrecaiosTests" */ = {
			isa = XCConfigurationList;
			buildConfigurations = (
				D04871C0216AF31E0085D22C /* Debug */,
				D04871C1216AF31E0085D22C /* Release */,
			);
			defaultConfigurationIsVisible = 0;
			defaultConfigurationName = Release;
		};
/* End XCConfigurationList section */
	};
	rootObject = D0487195216AF31D0085D22C /* Project object */;
}
